version = 1
revision = 3
requires-python = ">=3.14"
resolution-markers = [
    "sys_platform == 'win32'",
    "sys_platform == 'emscripten'",
    "sys_platform != 'emscripten' and sys_platform != 'win32'",
]

[[package]]
name = "arro3-core"
version = "0.8.1"
source = { registry = "https://pypi.org/simple" }
sdist = { url = "https://files.pythonhosted.org/packages/c0/c8/fc5bacb6fc264dc61e46d4832f690015b7f6c693ff5dea8a1e53b63cb772/arro3_core-0.8.1.tar.gz", hash = "sha256:1df54a8e2c14a877f291d90de65f00bafe9cc6d5958417ff749f178f059dcd39", size = 93684, upload-time = "2026-06-11T18:01:37.508Z" }
wheels = [
    { url = "https://files.pythonhosted.org/packages/ca/75/29517738623cccba1d60d0aa65b896bdd046ab4a82c5cd5a9fca115f6d7a/arro3_core-0.8.1-cp311-abi3-macosx_10_12_x86_64.whl", hash = "sha256:64d3ea60da4279e9c6a9b2e60abf7f4fefb6643544ecb2dfde899f72f1f91bad", size = 3085640, upload-time = "2026-06-11T17:59:46.597Z" },
    { url = "https://files.pythonhosted.org/packages/c0/b5/bff1842ed8dbb2134b004f78c52d977b52a6df1d9389b1284aad02bf4d93/arro3_core-0.8.1-cp311-abi3-macosx_11_0_arm64.whl", hash = "sha256:463db0b7f698abc19f4274d6df697560bc9c19463cfdbd01094bb0fa6ddd1206", size = 2800705, upload-time = "2026-06-11T17:59:48.242Z" },
    { url = "https://files.pythonhosted.org/packages/32/20/ef60404d5008f84bca50510f65d7acfe26812e61638ee19a416bf3f11530/arro3_core-0.8.1-cp311-abi3-manylinux_2_17_armv7l.manylinux2014_armv7l.whl", hash = "sha256:881afcb9c83334ac26498b429265223c676e028cd5d88fb0c909578f8e0330de", size = 3272103, upload-time = "2026-06-11T17:59:49.641Z" },
    { url = "https://files.pythonhosted.org/packages/f5/8e/6687efc8e0414cfde6281b1f4ea3b5b44aeb318584e39113d645d1f913a2/arro3_core-0.8.1-cp311-abi3-manylinux_2_17_ppc64le.manylinux2014_ppc64le.whl", hash = "sha256:d1dc03e1e5965528bfc7e26a6ee857e3b6fc5f201ff530a03dc731b9f3fb14fd", size = 3405750, upload-time = "2026-06-11T17:59:51.037Z" },
    { url = "https://files.pythonhosted.org/packages/2e/38/2567f26cd041387a2c1f381f1757b5246184de22dd8bd9dbbcb91a1b3586/arro3_core-0.8.1-cp311-abi3-manylinux_2_17_s390x.manylinux2014_s390x.whl", hash = "sha256:410cdca92392be39a5580059ebf9a6f89a0410af6dc10a8baa76e9d511fa6624", size = 3467290, upload-time = "2026-06-11T17:59:52.672Z" },
    { url = "https://files.pythonhosted.org/packages/85/38/2c5af3a3e8c806188f1b3a651cbaa6c22d1f094c41e82900d40219c2b337/arro3_core-0.8.1-cp311-abi3-manylinux_2_17_x86_64.manylinux2014_x86_64.whl", hash = "sha256:f4082c6bbff7f164619d99dffcbc2313ed69024653a9e58d9f94cc65d9226f6c", size = 3195582, upload-time = "2026-06-11T17:59:54.536Z" },
    { url = "https://files.pythonhosted.org/packages/e4/8d/d7d8686901a273743c53aae98f898f00caaedea807e28854200f2a7365e4/arro3_core-0.8.1-cp311-abi3-manylinux_2_24_aarch64.whl", hash = "sha256:40da2ee0701f217cd482e61228023ee9d8993984daccaf6ded089035b5fdc132", size = 2950909, upload-time = "2026-06-11T17:59:56.05Z" },
    { url = "https://files.pythonhosted.org/packages/5b/8d/f44198a859b13f519b331906d08079c7c281f8267d718082a3ca858c93ee/arro3_core-0.8.1-cp311-abi3-manylinux_2_5_i686.manylinux1_i686.whl", hash = "sha256:d79b12a83403b1a100731587d33f09a818a4ff93472f84fcdf3a38d3934dfc5e", size = 3403497, upload-time = "2026-06-11T17:59:57.651Z" },
    { url = "https://files.pythonhosted.org/packages/88/6d/431d2ef9942a30599db4a86cf13b7f1de92d340717438074a25659d382f4/arro3_core-0.8.1-cp311-abi3-musllinux_1_2_aarch64.whl", hash = "sha256:3ff2da3c888ec504291deafd6965f2364f14f1fb63977f202f2f7680f10909f6", size = 3130901, upload-time = "2026-06-11T17:59:59.262Z" },
    { url = "https://files.pythonhosted.org/packages/ce/9e/458e8596c675fb88075137ab21d4c4a2f9e585101a97d77e910839862168/arro3_core-0.8.1-cp311-abi3-musllinux_1_2_armv7l.whl", hash = "sha256:0bbcfb60ddf9b571387b4c0aaf78171d2ee7e0d335c08514bc247685f01bc086", size = 3550071, upload-time = "2026-06-11T18:00:00.808Z" },
    { url = "https://files.pythonhosted.org/packages/93/cd/8fa1f4a49e707ea364022620ca5033ba69b6396215e0bae1fb9fa9efcfe0/arro3_core-0.8.1-cp311-abi3-musllinux_1_2_i686.whl", hash = "sha256:44f6256cae47d369fe9076e9fa61f5c2899447b76ca5bda641668ad07cf26bf6", size = 3508957, upload-time = "2026-06-11T18:00:02.341Z" },
    { url = "https://files.pythonhosted.org/packages/7f/02/0126ff3b2ff48187315a9782280c0f6412c066559e22bf206ceec2791299/arro3_core-0.8.1-cp311-abi3-musllinux_1_2_x86_64.whl", hash = "sha256:b2517ea3fb7cb15a41e2d0e3496d91afe4703eca86a88072f917bef044c2b8ee", size = 3408923, upload-time = "2026-06-11T18:00:03.97Z" },
    { url = "https://files.pythonhosted.org/packages/d8/fd/a19cb50480a769b1cc3f347efa1a808e13b853bb3b1d94b289677115fe92/arro3_core-0.8.1-cp311-abi3-win_amd64.whl", hash = "sha256:6a96df94a4538ab9acf01873eecf35161ad0c54ab79134247e69a42cd66515dc", size = 3368045, upload-time = "2026-06-11T18:00:05.578Z" },
    { url = "https://files.pythonhosted.org/packages/7a/0f/2f7b5b458fd38ecf9277fd59919e4c90047795d1abdfd47f0081c48c28fa/arro3_core-0.8.1-cp314-cp314-pyemscripten_2026_0_wasm32.whl", hash = "sha256:a7c227982c0fd762271d550a6242e54ff7d2aa7aff73c918e127042cf9601ec0", size = 1710676, upload-time = "2026-06-11T18:00:30.947Z" },
    { url = "https://files.pythonhosted.org/packages/4d/9e/b64c9325173b7d87030955007af55348b866a1c02545382261d8966d8bb1/arro3_core-0.8.1-cp314-cp314t-macosx_10_12_x86_64.whl", hash = "sha256:5861781e6363db0707e1a4ba5166025a1113d921ccff870a0a097f27ab2dece1", size = 3072327, upload-time = "2026-06-11T18:00:32.313Z" },
    { url = "https://files.pythonhosted.org/packages/3c/bf/2c58a549b2409439fcac4ce2abe31ef060d05114a1e5412ce3088e2a2cde/arro3_core-0.8.1-cp314-cp314t-macosx_11_0_arm64.whl", hash = "sha256:8c1d9ff8b2848bf48bbcad962271b2adeda922457cf23591464c12af9b0ddbf6", size = 2794872, upload-time = "2026-06-11T18:00:33.92Z" },
    { url = "https://files.pythonhosted.org/packages/1f/21/dee8d1c9309820783fe30ad29149508638743cdc61d2851f0132b370ac49/arro3_core-0.8.1-cp314-cp314t-manylinux_2_17_armv7l.manylinux2014_armv7l.whl", hash = "sha256:246057dc9d283a283cb05b228f710e1ada3b4a8c483e519b0ec8b0d8499204db", size = 3272432, upload-time = "2026-06-11T18:00:35.563Z" },
    { url = "https://files.pythonhosted.org/packages/b6/b2/dbc6a3d5ece2cb11c3041821c8322df500b8c8030534d9f791b66b29c090/arro3_core-0.8.1-cp314-cp314t-manylinux_2_17_ppc64le.manylinux2014_ppc64le.whl", hash = "sha256:5d55178ad56c637f278286370532e58256eff48f71d3c36a4e5f8652eb7300b3", size = 3400822, upload-time = "2026-06-11T18:00:37.129Z" },
    { url = "https://files.pythonhosted.org/packages/a4/44/0ca0e96eebc7f96af4ad8b78c545a9477e8db271aa090043bb8f797e7f58/arro3_core-0.8.1-cp314-cp314t-manylinux_2_17_s390x.manylinux2014_s390x.whl", hash = "sha256:7a917195d7553a188bbb9fa815d430ff70ee53357fcc6fdb395d0e4436a66243", size = 3469220, upload-time = "2026-06-11T18:00:39.375Z" },
    { url = "https://files.pythonhosted.org/packages/8e/70/3e9c63e9e4499d373304ceb1315afc8dd326395dd0692ccdebcfec703dab/arro3_core-0.8.1-cp314-cp314t-manylinux_2_17_x86_64.manylinux2014_x86_64.whl", hash = "sha256:2435dc4057d604650a34d195e6977ef40b26af0b9dea8f1b842a924a270de2fc", size = 3193813, upload-time = "2026-06-11T18:00:41.281Z" },
    { url = "https://files.pythonhosted.org/packages/a2/a8/48842a836d7fc2bdac16ecaf4e60c9fd98f46d1e9c80f45b85b071ccaffb/arro3_core-0.8.1-cp314-cp314t-manylinux_2_24_aarch64.whl", hash = "sha256:c8b90ad6fbdd3507c20bdbc2b23c88929a3f7c49a8a43697f316e084b5664289", size = 2950818, upload-time = "2026-06-11T18:00:42.987Z" },
    { url = "https://files.pythonhosted.org/packages/bb/46/635ca59c20b972f0575b9fd1b7debebd94bcba1d6fd68271bfff65d3ae91/arro3_core-0.8.1-cp314-cp314t-manylinux_2_5_i686.manylinux1_i686.whl", hash = "sha256:8918dd0fcf5c3650332678ddbfb7c13ce1f0534f9669ab6839c38069885318cf", size = 3401202, upload-time = "2026-06-11T18:00:44.654Z" },
    { url = "https://files.pythonhosted.org/packages/4a/03/020d032cf4937cca0652f434613d327f8f11e10b4a3fbd4ccf48846c3158/arro3_core-0.8.1-cp314-cp314t-musllinux_1_2_aarch64.whl", hash = "sha256:6cc8c7c9b81cad2b4eaaeb29da25854bddb5bb373a278f1f1046b277fa7f2ee6", size = 3129352, upload-time = "2026-06-11T18:00:46.322Z" },
    { url = "https://files.pythonhosted.org/packages/b2/55/ce1c840af64e8c5d4f8b684a4c00c5f6d260659c3d2f732c6074eb5597fe/arro3_core-0.8.1-cp314-cp314t-musllinux_1_2_armv7l.whl", hash = "sha256:2aa0bda5251e93c67318aa8315e563b02fe39d5577b72654c335d69fce802d03", size = 3550475, upload-time = "2026-06-11T18:00:48.021Z" },
    { url = "https://files.pythonhosted.org/packages/19/79/fa8f1a53cf10fe33029619d14f06525e08ea35c1bcdce42157b230098e1b/arro3_core-0.8.1-cp314-cp314t-musllinux_1_2_i686.whl", hash = "sha256:cd462e7ef7735c341c27f754756b244d90a9485818c5ea090fa46009bd8ae252", size = 3507877, upload-time = "2026-06-11T18:00:49.798Z" },
    { url = "https://files.pythonhosted.org/packages/a3/e5/bf8349b2e5613e6c0caf2f4f0758d61dc273649c2bdcfc96978ab9bc1686/arro3_core-0.8.1-cp314-cp314t-musllinux_1_2_x86_64.whl", hash = "sha256:480c33d62d66adf92fd731e77728f81b7bd3fcde4e2eb313f5616b5097b1875f", size = 3409360, upload-time = "2026-06-11T18:00:51.393Z" },
    { url = "https://files.pythonhosted.org/packages/a4/0d/e13efbbc448bc817f8343bf12606d22f83011682c821ccd32dda304816be/arro3_core-0.8.1-cp314-cp314t-win_amd64.whl", hash = "sha256:51bea8dc0bc0230b6af8d1b258cf2a7e4f69770ed99062592ce1b43b17732727", size = 3355557, upload-time = "2026-06-11T18:00:52.922Z" },
]

[[package]]
name = "delta-lake-change-data-feed-cdf-demo"
version = "0.1.0"
source = { virtual = "." }
dependencies = [
    { name = "delta-spark" },
    { name = "deltalake" },
    { name = "pandas" },
    { name = "pyarrow" },
    { name = "pyspark" },
]

[package.metadata]
requires-dist = [
    { name = "delta-spark", specifier = ">=4.3.0" },
    { name = "deltalake", specifier = ">=1.6.1" },
    { name = "pandas", specifier = ">=3.0.3" },
    { name = "pyarrow", specifier = ">=24.0.0" },
    { name = "pyspark", specifier = ">=4.1.1" },
]

[[package]]
name = "delta-spark"
version = "4.3.0"
source = { registry = "https://pypi.org/simple" }
dependencies = [
    { name = "importlib-metadata" },
    { name = "pyspark" },
]
sdist = { url = "https://files.pythonhosted.org/packages/02/d3/025b96dfd93c23778b492130fbb24bcfb2331d7215b6b4a766f09a0cd6d0/delta_spark-4.3.0.tar.gz", hash = "sha256:c63c21453fe3aaab4fb5c4288962d75fb056d0efdbbea0458745173faace3e40", size = 45910, upload-time = "2026-06-18T03:52:01.988Z" }
wheels = [
    { url = "https://files.pythonhosted.org/packages/8a/38/9fbc9ff5edc18e913f2ebfe5dee713eb3f8e46004f52f4c815903dc7b114/delta_spark-4.3.0-py3-none-any.whl", hash = "sha256:820693964e54b2f8a8b7a57b99ab36b805655d829e88c3a2a072e67db7100897", size = 53930, upload-time = "2026-06-18T03:52:00.699Z" },
]

[[package]]
name = "deltalake"
version = "1.6.1"
source = { registry = "https://pypi.org/simple" }
dependencies = [
    { name = "arro3-core" },
    { name = "deprecated" },
]
wheels = [
    { url = "https://files.pythonhosted.org/packages/51/9b/cb8c10528466901112d37f7afa67646263a229277983e70e5d780d58c2b2/deltalake-1.6.1-cp310-abi3-macosx_10_12_x86_64.whl", hash = "sha256:f5f22371ed5ac3977839d7a09c0a9ccdbbdac79437bbb977f6b57c7c35d7fa34", size = 48475216, upload-time = "2026-06-24T14:34:48.557Z" },
    { url = "https://files.pythonhosted.org/packages/8c/92/8cda3756b12f4b5879ec8a9be9101a55f280c5fcd6426be17f401d470df0/deltalake-1.6.1-cp310-abi3-macosx_11_0_arm64.whl", hash = "sha256:e0bd4f3bbc9a53e53c103d6733f09b1538a75e7e69b5ecbca9a865f68bd70656", size = 44765839, upload-time = "2026-06-24T14:31:07.226Z" },
    { url = "https://files.pythonhosted.org/packages/ba/50/0c7fd4779f1492da3c86cfcfa2ad25322355ea7c6eb3e7feeb16c7de6f07/deltalake-1.6.1-cp310-abi3-manylinux_2_17_x86_64.manylinux2014_x86_64.whl", hash = "sha256:46a13abc2d7abc072375faeb718443be61ec1162d1708b1c67a76aff4e0187a5", size = 49541493, upload-time = "2026-06-24T13:49:56.143Z" },
    { url = "https://files.pythonhosted.org/packages/b7/52/8387621a228d3b3df1c251acfef50fa7e34be05b058d316ab2c69bf8d0f1/deltalake-1.6.1-cp310-abi3-manylinux_2_28_aarch64.whl", hash = "sha256:d5ba7bbea9d61948ba7caaaa1562bb9997bdf2398ba30d60e99006451098fb01", size = 48804908, upload-time = "2026-06-24T13:36:02.508Z" },
    { url = "https://files.pythonhosted.org/packages/1f/fc/c6abee2eb3d6a2729ff81cc4c8502342a9f0fcf3fccfec9decbd5780b010/deltalake-1.6.1-cp310-abi3-musllinux_1_2_aarch64.whl", hash = "sha256:89c68fef155215a2e8cd7d93762cadc3be99d6aa42486a30e88a236b4edc7140", size = 48817739, upload-time = "2026-06-24T13:35:28.359Z" },
    { url = "https://files.pythonhosted.org/packages/34/76/6723168656063c5cfd37b9941df4d3d68e8b57b93641c026e345c22f5c29/deltalake-1.6.1-cp310-abi3-musllinux_1_2_x86_64.whl", hash = "sha256:91d8c064ce04cdd06bbdd66614df7050c1082871ca60054cc5b5074d0e3fc345", size = 49571850, upload-time = "2026-06-24T13:48:32.232Z" },
]

[[package]]
name = "deprecated"
version = "1.3.1"
source = { registry = "https://pypi.org/simple" }
dependencies = [
    { name = "wrapt" },
]
sdist = { url = "https://files.pythonhosted.org/packages/49/85/12f0a49a7c4ffb70572b6c2ef13c90c88fd190debda93b23f026b25f9634/deprecated-1.3.1.tar.gz", hash = "sha256:b1b50e0ff0c1fddaa5708a2c6b0a6588bb09b892825ab2b214ac9ea9d92a5223", size = 2932523, upload-time = "2025-10-30T08:19:02.757Z" }
wheels = [
    { url = "https://files.pythonhosted.org/packages/84/d0/205d54408c08b13550c733c4b85429e7ead111c7f0014309637425520a9a/deprecated-1.3.1-py2.py3-none-any.whl", hash = "sha256:597bfef186b6f60181535a29fbe44865ce137a5079f295b479886c82729d5f3f", size = 11298, upload-time = "2025-10-30T08:19:00.758Z" },
]

[[package]]
name = "importlib-metadata"
version = "8.7.1"
source = { registry = "https://pypi.org/simple" }
dependencies = [
    { name = "zipp" },
]
sdist = { url = "https://files.pythonhosted.org/packages/f3/49/3b30cad09e7771a4982d9975a8cbf64f00d4a1ececb53297f1d9a7be1b10/importlib_metadata-8.7.1.tar.gz", hash = "sha256:49fef1ae6440c182052f407c8d34a68f72efc36db9ca90dc0113398f2fdde8bb", size = 57107, upload-time = "2025-12-21T10:00:19.278Z" }
wheels = [
    { url = "https://files.pythonhosted.org/packages/fa/5e/f8e9a1d23b9c20a551a8a02ea3637b4642e22c2626e3a13a9a29cdea99eb/importlib_metadata-8.7.1-py3-none-any.whl", hash = "sha256:5a1f80bf1daa489495071efbb095d75a634cf28a8bc299581244063b53176151", size = 27865, upload-time = "2025-12-21T10:00:18.329Z" },
]

[[package]]
name = "numpy"
version = "2.5.0"
source = { registry = "https://pypi.org/simple" }
sdist = { url = "https://files.pythonhosted.org/packages/e7/05/3d27272d30698dc0ecb7fdfaa41ad70303b444f81722bb99bce1d818638a/numpy-2.5.0.tar.gz", hash = "sha256:5a129578019311b6e56bdd714250f19b518f7dceeeb8d1af5490f4942d3f891c", size = 20652461, upload-time = "2026-06-21T20:57:51.95Z" }
wheels = [
    { url = "https://files.pythonhosted.org/packages/86/ad/abc44aaceaf7b17ee1edde2bbb4458da591bc79574cffff50c4bb35f00d1/numpy-2.5.0-cp314-cp314-macosx_10_15_x86_64.whl", hash = "sha256:f27582c55ba4c750b7c58c8faf021d2cd9324a662b466229db8a417b41368af9", size = 16783807, upload-time = "2026-06-21T20:57:06.253Z" },
    { url = "https://files.pythonhosted.org/packages/5d/39/b72e168daf9c00fb20c9fc996d00437ccecdef3102387775d29d7a62576d/numpy-2.5.0-cp314-cp314-macosx_11_0_arm64.whl", hash = "sha256:28e7137057d551e4a83c4ae414e3451f50568409db7569aacc7f9811ee06a446", size = 11765215, upload-time = "2026-06-21T20:57:08.547Z" },
    { url = "https://files.pythonhosted.org/packages/f7/a0/8400a9c0e3625182347593f5e1f57da9a617a534794805c8df5518154ddc/numpy-2.5.0-cp314-cp314-macosx_14_0_arm64.whl", hash = "sha256:e1da54b53e75cd9fcfc23efcc7edab2c6aecf97b6037566d8a0fe804af8ec57c", size = 5324493, upload-time = "2026-06-21T20:57:11.012Z" },
    { url = "https://files.pythonhosted.org/packages/f6/8c/0d104deaa0401c93395a629ec902891618a2eff76d19229139cb5a887bfc/numpy-2.5.0-cp314-cp314-macosx_14_0_x86_64.whl", hash = "sha256:694d8f74e156f7fd01179f1aa8faa2f648ab6ae0f70b6c3fe57a03249aea2303", size = 6645211, upload-time = "2026-06-21T20:57:12.919Z" },
    { url = "https://files.pythonhosted.org/packages/6a/d9/4a4a628c812750363786afc3d33492709a5cd64b215469c16b0f6c7bb811/numpy-2.5.0-cp314-cp314-manylinux_2_27_aarch64.manylinux_2_28_aarch64.whl", hash = "sha256:1a7569a7b53c77716f036bb28cb1c91f166a26ec7d9502cd1e4bdfe502fdec22", size = 15166004, upload-time = "2026-06-21T20:57:14.717Z" },
    { url = "https://files.pythonhosted.org/packages/a0/5e/2a902317d7fc4aa93236e80c932662dadfc459b323d758329e01775125e1/numpy-2.5.0-cp314-cp314-manylinux_2_27_x86_64.manylinux_2_28_x86_64.whl", hash = "sha256:39a0433bd4086ebd462960cf375e19195bb07b53dc1d87dd5fcf47ad78576f03", size = 16650797, upload-time = "2026-06-21T20:57:16.906Z" },
    { url = "https://files.pythonhosted.org/packages/e9/a0/a0090e6329f4ca5992c07847bb579c5259a19953dc57255bb08793142ffb/numpy-2.5.0-cp314-cp314-musllinux_1_2_aarch64.whl", hash = "sha256:929f0c79ac38bcbd7154fe631dc907abfeddbcc5027a896bd1f7767323271e7a", size = 16524647, upload-time = "2026-06-21T20:57:19.165Z" },
    { url = "https://files.pythonhosted.org/packages/5e/7d/6caf27734c42b65837e7461ed0dbbd6b6fc835060c9714ec59d673bb383a/numpy-2.5.0-cp314-cp314-musllinux_1_2_x86_64.whl", hash = "sha256:cc4f247a47bbf070bfd70be53ccdcf47b800af563535e7bbe172322197c30e21", size = 18411841, upload-time = "2026-06-21T20:57:21.638Z" },
    { url = "https://files.pythonhosted.org/packages/13/dc/26edadbd812536769a82c2e9e002234e33feb5da43061d47a044f6d309b7/numpy-2.5.0-cp314-cp314-win32.whl", hash = "sha256:5dc71423499fab3f46f7a7201155ade1669ea101f2f429d332df9e72f8161731", size = 6106361, upload-time = "2026-06-21T20:57:23.844Z" },
    { url = "https://files.pythonhosted.org/packages/f2/9e/4dd1459282229a72d92dece2ae9138e5cac94a72263a7ceb48f37434c925/numpy-2.5.0-cp314-cp314-win_amd64.whl", hash = "sha256:ebb81d9d5443e0309d6c54894c3fbed74ad7da0714352a67b6d773cd189eae73", size = 12551749, upload-time = "2026-06-21T20:57:25.945Z" },
    { url = "https://files.pythonhosted.org/packages/05/a7/6bc6384c080b86c7f6c85c5bc5b540b24f4f679cd144791d99574e90d462/numpy-2.5.0-cp314-cp314-win_arm64.whl", hash = "sha256:3b94d0d0deceebfad3e67ae5c0e5eb87371e8f7a0581cd04a779928c2450cf1e", size = 10617072, upload-time = "2026-06-21T20:57:28.175Z" },
    { url = "https://files.pythonhosted.org/packages/86/6b/4a2b71d66ada5608ae02b63f150dfad520f6940721cb7f029ad270befc0e/numpy-2.5.0-cp314-cp314t-macosx_11_0_arm64.whl", hash = "sha256:22f3d43e362d650bc39db1f17851302874a148ca95ba6981c1dfb5fa6862f35b", size = 11881067, upload-time = "2026-06-21T20:57:30.104Z" },
    { url = "https://files.pythonhosted.org/packages/dc/b2/d365eb40a20efb49d67e9feb90494ed8511282ee1f5fa16006675c65397d/numpy-2.5.0-cp314-cp314t-macosx_14_0_arm64.whl", hash = "sha256:243563efb4cd7528a264567e9fd206c87826457322521d06206a00bfa316c927", size = 5440290, upload-time = "2026-06-21T20:57:32.193Z" },
    { url = "https://files.pythonhosted.org/packages/fa/5e/e9c03188de5f9b767e46a8fe988bcfd3efad066a4a3fda8b9cb11a93f895/numpy-2.5.0-cp314-cp314t-macosx_14_0_x86_64.whl", hash = "sha256:84881d825ca75249b189bbee875fcfe3238aa5c479e6100893cda566e8e86826", size = 6748371, upload-time = "2026-06-21T20:57:33.933Z" },
    { url = "https://files.pythonhosted.org/packages/fd/1d/68c186a38a5027bae2c4ddd5ea681fdaf8b4d30fb7301def6d8ad270390f/numpy-2.5.0-cp314-cp314t-manylinux_2_27_aarch64.manylinux_2_28_aarch64.whl", hash = "sha256:cda12aa4779d42b8771180aba759c96f527d43446d8f380ab59e2b35e8489efd", size = 15214643, upload-time = "2026-06-21T20:57:35.677Z" },
    { url = "https://files.pythonhosted.org/packages/8c/67/73f67b7c7e20635baae9c4c3ead4ae7326a005900297a6110971abd62eb5/numpy-2.5.0-cp314-cp314t-manylinux_2_27_x86_64.manylinux_2_28_x86_64.whl", hash = "sha256:1c0121101093d2bd74981b10f8837d78e794a8ff57834eb27179f49e1ba11ac6", size = 16690128, upload-time = "2026-06-21T20:57:38.159Z" },
    { url = "https://files.pythonhosted.org/packages/eb/05/d4c1fb0c46d02a27d6b2b8b319a78c90937acec8631c1641874670b31e6f/numpy-2.5.0-cp314-cp314t-musllinux_1_2_aarch64.whl", hash = "sha256:d371c92cfa09da00022f501ab67fafaea813d752eb30ac44336d45b1e5b0268a", size = 16577902, upload-time = "2026-06-21T20:57:40.447Z" },
    { url = "https://files.pythonhosted.org/packages/9e/1d/771c797d50fa26e4888989cccf1d50ee51f530d4e455ad2692dcb64fa711/numpy-2.5.0-cp314-cp314t-musllinux_1_2_x86_64.whl", hash = "sha256:9990713e9c38154c6861e7547f1e3fc7a87e75ff09bab24ef1cc81d81c2835e9", size = 18452814, upload-time = "2026-06-21T20:57:42.875Z" },
    { url = "https://files.pythonhosted.org/packages/e8/46/52fc0d2a68d7643f0f149eeea5a5d8ea2a3507056ac8afa83c9212606e8b/numpy-2.5.0-cp314-cp314t-win32.whl", hash = "sha256:edadfbd4794b1086c0d822f81863e8a68fc129d132fd0bb9e31e955d7fbbbdb7", size = 6253168, upload-time = "2026-06-21T20:57:45.101Z" },
    { url = "https://files.pythonhosted.org/packages/2a/be/6c8d1118b5f13b2881dc095d5b345de19c6638b8959c17409b6eff84c8aa/numpy-2.5.0-cp314-cp314t-win_amd64.whl", hash = "sha256:f7e5fa4382967ae6548bd2f174219afb908e294b0d5f625af01166edd5f7d9aa", size = 12736286, upload-time = "2026-06-21T20:57:46.935Z" },
    { url = "https://files.pythonhosted.org/packages/fd/6a/d3a169aaf8536cf228d56a09e04bcb713a2fe4410d4e2105b9419b5a9c89/numpy-2.5.0-cp314-cp314t-win_arm64.whl", hash = "sha256:016623417bb330d719d579daf2d6b9a01ddc52e41a9ed61a47f39fde46dcd865", size = 10686451, upload-time = "2026-06-21T20:57:49.313Z" },
]

[[package]]
name = "pandas"
version = "3.0.3"
source = { registry = "https://pypi.org/simple" }
dependencies = [
    { name = "numpy" },
    { name = "python-dateutil" },
    { name = "tzdata", marker = "sys_platform == 'emscripten' or sys_platform == 'win32'" },
]
sdist = { url = "https://files.pythonhosted.org/packages/f8/87/4341c6252d1c47b08768c3d25ac487362bf403f0313ddae4a2a26c9b1b4c/pandas-3.0.3.tar.gz", hash = "sha256:696a4a00a2a2a35d4e5deb3fc946641b96c944f02230e4f76137fe35d806c4fc", size = 4651414, upload-time = "2026-05-11T18:54:29.21Z" }
wheels = [
    { url = "https://files.pythonhosted.org/packages/86/54/effdcc3c0ff7a08037889200e148ebe94c16c4f653be078c7b3675955df1/pandas-3.0.3-cp314-cp314-macosx_10_15_x86_64.whl", hash = "sha256:3650109c0f22879df8bd6179ab9ee3d7f1d1d4e7e0094a3f0032d9f51e2e64ac", size = 10336065, upload-time = "2026-05-11T18:53:41.099Z" },
    { url = "https://files.pythonhosted.org/packages/68/10/bf2d6738d72748b961a3751ab89522d58c54efc36a8e1a12161216cd45cf/pandas-3.0.3-cp314-cp314-macosx_11_0_arm64.whl", hash = "sha256:bab900348131a7db1f69a7309ef141fd5680f1487094193bcbbb61791573bf8f", size = 9926101, upload-time = "2026-05-11T18:53:43.515Z" },
    { url = "https://files.pythonhosted.org/packages/ae/e9/e35cf11c8a136e757b956f5f0efdcaa50aecde85ea055f1898dfc68262f3/pandas-3.0.3-cp314-cp314-manylinux_2_24_aarch64.manylinux_2_28_aarch64.whl", hash = "sha256:ba7e08b9ac1d54569cd1e256e3668975ed624d6826f7b68df0342b012007bddb", size = 10457553, upload-time = "2026-05-11T18:53:46.394Z" },
    { url = "https://files.pythonhosted.org/packages/58/3b/1cdec6772bdbaf7b25dab360c59f03cadf05492dd724c6540af905389b07/pandas-3.0.3-cp314-cp314-manylinux_2_24_x86_64.manylinux_2_28_x86_64.whl", hash = "sha256:9d71c63ae4ebdbf70209742096f1fc46a83a0613c99d4b23766cced9ff8cd62a", size = 10914065, upload-time = "2026-05-11T18:53:49.134Z" },
    { url = "https://files.pythonhosted.org/packages/c4/c2/1ef644445fcd72e3627bceec77e3560636f87ddce4ed841afe76b83b5bf9/pandas-3.0.3-cp314-cp314-musllinux_1_2_aarch64.whl", hash = "sha256:e3a2ec42c98ffa2565a67e08e218d06d72576d758d90facb7c00805194d8f360", size = 11459188, upload-time = "2026-05-11T18:53:52.527Z" },
    { url = "https://files.pythonhosted.org/packages/7e/49/4d8d4f42cbc9c4adc7a1870f269c02cbd6cd40d059622c06fb298addcbad/pandas-3.0.3-cp314-cp314-musllinux_1_2_x86_64.whl", hash = "sha256:335f62418ed562cfc3c49e9e196375c28b729dcef8543abf4f9438e381bf3c76", size = 11982966, upload-time = "2026-05-11T18:53:55.043Z" },
    { url = "https://files.pythonhosted.org/packages/38/55/792619469bab9882d8bbd5865d45a72f6478762d04a9af4bf0d08c503e95/pandas-3.0.3-cp314-cp314-win_amd64.whl", hash = "sha256:3c20a521bbb85902f79f7270c80a59e1b5452d96d170c034f207181870f97ac5", size = 9876755, upload-time = "2026-05-11T18:53:58.067Z" },
    { url = "https://files.pythonhosted.org/packages/2a/af/33c469653b0ba03b50c3a98192d4c07f0c75c66b263ceb097fce0ee97d31/pandas-3.0.3-cp314-cp314-win_arm64.whl", hash = "sha256:a2d2dff8a04f3917b55ab3910c32990f8ddf7eceba114947838cefa976a68977", size = 9198658, upload-time = "2026-05-11T18:54:00.733Z" },
    { url = "https://files.pythonhosted.org/packages/a2/fa/b8c257bd76b8bd060c3a9151c1fca05e9b9c5e3af5d0f549c0356f6d143d/pandas-3.0.3-cp314-cp314t-macosx_10_15_x86_64.whl", hash = "sha256:0d589105b3c14645af1738ff279b2995102d8f7a03b0a66dc8d95550eb513e04", size = 10787242, upload-time = "2026-05-11T18:54:03.564Z" },
    { url = "https://files.pythonhosted.org/packages/54/eb/f19206ffb0bf1919002969aa448b4702c6594845156a6f8050674855aac3/pandas-3.0.3-cp314-cp314t-macosx_11_0_arm64.whl", hash = "sha256:13fc1e853d9e04743d11ba75a985ccbc2a317fe07d8af61e445a6fd24dacd6a6", size = 10436369, upload-time = "2026-05-11T18:54:06.311Z" },
    { url = "https://files.pythonhosted.org/packages/fd/24/c7c39fb4fe22b71a0c2d78bf0c585c600092d85f94f086d2b3b2f6ca27e2/pandas-3.0.3-cp314-cp314t-manylinux_2_24_aarch64.manylinux_2_28_aarch64.whl", hash = "sha256:819959dab7bbd0049c15623fbac4e29a191b9528160a61fb1032242d8ced2d9c", size = 10358306, upload-time = "2026-05-11T18:54:09.085Z" },
    { url = "https://files.pythonhosted.org/packages/16/ec/dd2a9eb7fa1204df88c0864164e35b228ac581062ac612ba0a67fd812e4c/pandas-3.0.3-cp314-cp314t-manylinux_2_24_x86_64.manylinux_2_28_x86_64.whl", hash = "sha256:60ae316d3fd75d1858d450d0db0103ea2be3e7d4a95ec2f064f7e2ae63f7b028", size = 10758394, upload-time = "2026-05-11T18:54:11.956Z" },
    { url = "https://files.pythonhosted.org/packages/95/6e/00c61ea8e85b4f6d8d35e11852a1a4998fc7fafc91c6a602d1cc9c972d64/pandas-3.0.3-cp314-cp314t-musllinux_1_2_aarch64.whl", hash = "sha256:bd3a518890b400d32f9023722dc9a9a5c969f00b415419a3c06c043f09bb5d7d", size = 11375717, upload-time = "2026-05-11T18:54:14.539Z" },
    { url = "https://files.pythonhosted.org/packages/31/89/8fc1c268969fac43688d65fd92e67df24bd128d53cb4d2eee534cd307399/pandas-3.0.3-cp314-cp314t-musllinux_1_2_x86_64.whl", hash = "sha256:9c39be2d709d01fa972a0cabc522389fceca4f3969332ba25a7d6c5802cf976a", size = 11828897, upload-time = "2026-05-11T18:54:17.146Z" },
    { url = "https://files.pythonhosted.org/packages/56/3b/e7d20dea247a3e6dc0bd8a6953854afbedc03951def4e7371e05e7263e25/pandas-3.0.3-cp314-cp314t-win_amd64.whl", hash = "sha256:4db8c527972a821cf5286b40ccc57642a39bc62e62022b42f99f8a67fca8c3a1", size = 10900855, upload-time = "2026-05-11T18:54:19.72Z" },
    { url = "https://files.pythonhosted.org/packages/0f/54/68a0978d1ef8502b8492099beaa6e7a0c1b32e3b5d4f677f5810cb08711c/pandas-3.0.3-cp314-cp314t-win_arm64.whl", hash = "sha256:b2c95f8bfc1ee412bf482605d7bfd30c12d1d26bd59fdd91efeef1d4718decb1", size = 9466464, upload-time = "2026-05-11T18:54:22.754Z" },
]

[[package]]
name = "py4j"
version = "0.10.9.9"
source = { registry = "https://pypi.org/simple" }
sdist = { url = "https://files.pythonhosted.org/packages/38/31/0b210511177070c8d5d3059556194352e5753602fa64b85b7ab81ec1a009/py4j-0.10.9.9.tar.gz", hash = "sha256:f694cad19efa5bd1dee4f3e5270eb406613c974394035e5bfc4ec1aba870b879", size = 761089, upload-time = "2025-01-15T03:53:18.624Z" }
wheels = [
    { url = "https://files.pythonhosted.org/packages/bd/db/ea0203e495be491c85af87b66e37acfd3bf756fd985f87e46fc5e3bf022c/py4j-0.10.9.9-py2.py3-none-any.whl", hash = "sha256:c7c26e4158defb37b0bb124933163641a2ff6e3a3913f7811b0ddbe07ed61533", size = 203008, upload-time = "2025-01-15T03:53:15.648Z" },
]

[[package]]
name = "pyarrow"
version = "24.0.0"
source = { registry = "https://pypi.org/simple" }
sdist = { url = "https://files.pythonhosted.org/packages/91/13/13e1069b351bdc3881266e11147ffccf687505dbb0ea74036237f5d454a5/pyarrow-24.0.0.tar.gz", hash = "sha256:85fe721a14dd823aca09127acbb06c3ca723efbd436c004f16bca601b04dcc83", size = 1180261, upload-time = "2026-04-21T10:51:25.837Z" }
wheels = [
    { url = "https://files.pythonhosted.org/packages/ad/80/d022a34ff05d2cbedd8ccf841fc1f532ecfa9eb5ed1711b56d0e0ea71fc9/pyarrow-24.0.0-cp314-cp314-macosx_12_0_arm64.whl", hash = "sha256:1cc9057f0319e26333b357e17f3c2c022f1a83739b48a88b25bfd5fa2dc18838", size = 35007997, upload-time = "2026-04-21T10:49:48.796Z" },
    { url = "https://files.pythonhosted.org/packages/1a/ff/f01485fda6f4e5d441afb8dd5e7681e4db18826c1e271852f5d3957d6a80/pyarrow-24.0.0-cp314-cp314-macosx_12_0_x86_64.whl", hash = "sha256:e6f1278ee4785b6db21229374a1c9e54ec7c549de5d1efc9630b6207de7e170b", size = 36678720, upload-time = "2026-04-21T10:49:55.858Z" },
    { url = "https://files.pythonhosted.org/packages/9e/c2/2d2d5fea814237923f71b36495211f20b43a1576f9a4d6da7e751a64ec6f/pyarrow-24.0.0-cp314-cp314-manylinux_2_28_aarch64.whl", hash = "sha256:adbbedc55506cbdabb830890444fb856bfb0060c46c6f8026c6c2f2cf86ae795", size = 45741852, upload-time = "2026-04-21T10:50:04.624Z" },
    { url = "https://files.pythonhosted.org/packages/8e/3a/28ba9c1c1ebdbb5f1b94dfebb46f207e52e6a554b7fe4132540fde29a3a0/pyarrow-24.0.0-cp314-cp314-manylinux_2_28_x86_64.whl", hash = "sha256:ae8a1145af31d903fa9bb166824d7abe9b4681a000b0159c9fb99c11bc11ad26", size = 48889852, upload-time = "2026-04-21T10:50:12.293Z" },
    { url = "https://files.pythonhosted.org/packages/df/51/4a389acfd31dca009f8fb82d7f510bb4130f2b3a8e18cf00194d0687d8ac/pyarrow-24.0.0-cp314-cp314-musllinux_1_2_aarch64.whl", hash = "sha256:d7027eba1df3b2069e2e8d80f644fa0918b68c46432af3d088ddd390d063ecde", size = 49445207, upload-time = "2026-04-21T10:50:20.677Z" },
    { url = "https://files.pythonhosted.org/packages/19/4b/0bab2b23d2ae901b1b9a03c0efd4b2d070256f8ce3fc43f6e58c167b2081/pyarrow-24.0.0-cp314-cp314-musllinux_1_2_x86_64.whl", hash = "sha256:e56a1ffe9bf7b727432b89104cc0849c21582949dd7bdcb34f17b2001a351a76", size = 51954117, upload-time = "2026-04-21T10:50:29.14Z" },
    { url = "https://files.pythonhosted.org/packages/29/88/f4e9145da0417b3d2c12035a8492b35ff4a3dbc653e614fcfb51d9dedb38/pyarrow-24.0.0-cp314-cp314-win_amd64.whl", hash = "sha256:38be1808cdd068605b787e6ca9119b27eb275a0234e50212c3492331680c3b1e", size = 28001155, upload-time = "2026-04-21T10:51:22.337Z" },
    { url = "https://files.pythonhosted.org/packages/79/4f/46a49a63f43526da895b1a45bbb51d5baf8e4d77159f8528fc3e5490007f/pyarrow-24.0.0-cp314-cp314t-macosx_12_0_arm64.whl", hash = "sha256:418e48ce50a45a6a6c73c454677203a9c75c966cb1e92ca3370959185f197a05", size = 35250387, upload-time = "2026-04-21T10:50:35.552Z" },
    { url = "https://files.pythonhosted.org/packages/a0/da/d5e0cd5ef00796922404806d5f00325cdadc3441ce2c13fe7115f2df9a64/pyarrow-24.0.0-cp314-cp314t-macosx_12_0_x86_64.whl", hash = "sha256:2f16197705a230a78270cdd4ea8a1d57e86b2fdcbc34a1f6aebc72e65c986f9a", size = 36797102, upload-time = "2026-04-21T10:50:42.417Z" },
    { url = "https://files.pythonhosted.org/packages/34/c7/5904145b0a593a05236c882933d439b5720f0a145381179063722fbfc123/pyarrow-24.0.0-cp314-cp314t-manylinux_2_28_aarch64.whl", hash = "sha256:fb24ac194bfc5e86839d7dcd52092ee31e5fe6733fe11f5e3b06ef0812b20072", size = 45745118, upload-time = "2026-04-21T10:50:49.324Z" },
    { url = "https://files.pythonhosted.org/packages/13/d3/cca42fe166d1c6e4d5b80e530b7949104d10e17508a90ae202dac205ce2a/pyarrow-24.0.0-cp314-cp314t-manylinux_2_28_x86_64.whl", hash = "sha256:9700ebd9a51f5895ce75ff4ac4b3c47a7d4b42bc618be8e713e5d56bacf5f931", size = 48844765, upload-time = "2026-04-21T10:50:55.579Z" },
    { url = "https://files.pythonhosted.org/packages/b0/49/942c3b79878ba928324d1e17c274ed84581db8c0a749b24bcf4cbdf15bd3/pyarrow-24.0.0-cp314-cp314t-musllinux_1_2_aarch64.whl", hash = "sha256:d8ddd2768da81d3ee08cfea9b597f4abb4e8e1dc8ae7e204b608d23a0d3ab699", size = 49471890, upload-time = "2026-04-21T10:51:02.439Z" },
    { url = "https://files.pythonhosted.org/packages/76/97/ff71431000a75d84135a1ace5ca4ba11726a231a8007bbb320a4c54075d5/pyarrow-24.0.0-cp314-cp314t-musllinux_1_2_x86_64.whl", hash = "sha256:61a3d7eaa97a14768b542f3d284dc6400dd2470d9f080708b13cd46b6ae18136", size = 51932250, upload-time = "2026-04-21T10:51:10.576Z" },
    { url = "https://files.pythonhosted.org/packages/51/be/6f79d55816d5c22557cf27533543d5d70dfe692adfbee4b99f2760674f38/pyarrow-24.0.0-cp314-cp314t-win_amd64.whl", hash = "sha256:c91d00057f23b8d353039520dc3a6c09d8608164c692e9f59a175a42b2ae0c19", size = 28131282, upload-time = "2026-04-21T10:51:16.815Z" },
]

[[package]]
name = "pyspark"
version = "4.1.1"
source = { registry = "https://pypi.org/simple" }
dependencies = [
    { name = "py4j" },
]
sdist = { url = "https://files.pythonhosted.org/packages/19/bf/58ee13add151469c25825b7125bbf62c3bdcec05eec4d458fcb5c5516066/pyspark-4.1.1.tar.gz", hash = "sha256:77f78984aa84fbe865c717dd37b49913b4e5c97d76ef6824f932f1aefa6621ec", size = 455359625, upload-time = "2026-01-09T09:38:38.28Z" }

[[package]]
name = "python-dateutil"
version = "2.9.0.post0"
source = { registry = "https://pypi.org/simple" }
dependencies = [
    { name = "six" },
]
sdist = { url = "https://files.pythonhosted.org/packages/66/c0/0c8b6ad9f17a802ee498c46e004a0eb49bc148f2fd230864601a86dcf6db/python-dateutil-2.9.0.post0.tar.gz", hash = "sha256:37dd54208da7e1cd875388217d5e00ebd4179249f90fb72437e91a35459a0ad3", size = 342432, upload-time = "2024-03-01T18:36:20.211Z" }
wheels = [
    { url = "https://files.pythonhosted.org/packages/ec/57/56b9bcc3c9c6a792fcbaf139543cee77261f3651ca9da0c93f5c1221264b/python_dateutil-2.9.0.post0-py2.py3-none-any.whl", hash = "sha256:a8b2bc7bffae282281c8140a97d3aa9c14da0b136dfe83f850eea9a5f7470427", size = 229892, upload-time = "2024-03-01T18:36:18.57Z" },
]

[[package]]
name = "six"
version = "1.17.0"
source = { registry = "https://pypi.org/simple" }
sdist = { url = "https://files.pythonhosted.org/packages/94/e7/b2c673351809dca68a0e064b6af791aa332cf192da575fd474ed7d6f16a2/six-1.17.0.tar.gz", hash = "sha256:ff70335d468e7eb6ec65b95b99d3a2836546063f63acc5171de367e834932a81", size = 34031, upload-time = "2024-12-04T17:35:28.174Z" }
wheels = [
    { url = "https://files.pythonhosted.org/packages/b7/ce/149a00dd41f10bc29e5921b496af8b574d8413afcd5e30dfa0ed46c2cc5e/six-1.17.0-py2.py3-none-any.whl", hash = "sha256:4721f391ed90541fddacab5acf947aa0d3dc7d27b2e1e8eda2be8970586c3274", size = 11050, upload-time = "2024-12-04T17:35:26.475Z" },
]

[[package]]
name = "tzdata"
version = "2026.2"
source = { registry = "https://pypi.org/simple" }
sdist = { url = "https://files.pythonhosted.org/packages/ba/19/1b9b0e29f30c6d35cb345486df41110984ea67ae69dddbc0e8a100999493/tzdata-2026.2.tar.gz", hash = "sha256:9173fde7d80d9018e02a662e168e5a2d04f87c41ea174b139fbef642eda62d10", size = 198254, upload-time = "2026-04-24T15:22:08.651Z" }
wheels = [
    { url = "https://files.pythonhosted.org/packages/ce/e4/dccd7f47c4b64213ac01ef921a1337ee6e30e8c6466046018326977efd95/tzdata-2026.2-py2.py3-none-any.whl", hash = "sha256:bbe9af844f658da81a5f95019480da3a89415801f6cc966806612cc7169bffe7", size = 349321, upload-time = "2026-04-24T15:22:05.876Z" },
]

[[package]]
name = "wrapt"
version = "2.2.2"
source = { registry = "https://pypi.org/simple" }
sdist = { url = "https://files.pythonhosted.org/packages/fe/a4/282c8e64300a59fc834518a54bf0afabb4ff9218b5fa76958b450459a844/wrapt-2.2.2.tar.gz", hash = "sha256:0788e321027c999bf221b667bd4a54aaefd1a36283749a860ac3eb77daed0302", size = 129068, upload-time = "2026-06-20T23:49:44.49Z" }
wheels = [
    { url = "https://files.pythonhosted.org/packages/24/05/7fd9c3f83b2c74cbfc572a0b88aa37431e04bd8aed70d2c0efd3464206de/wrapt-2.2.2-cp314-cp314-macosx_10_15_x86_64.whl", hash = "sha256:0e64826f920c42d9d9f87e8cc09ffae66c51ede12d59061a5a426deb9aa71745", size = 81341, upload-time = "2026-06-20T23:48:49.39Z" },
    { url = "https://files.pythonhosted.org/packages/4b/68/1bfa43100dd90d4ef74a05897b86275cf57e1313ca14aae2545bc9f872c9/wrapt-2.2.2-cp314-cp314-macosx_11_0_arm64.whl", hash = "sha256:dcaa5e1451bd8751d7bd1568dfa3321c78092a52a7ecb5d1a0f18a5791e1fd00", size = 81921, upload-time = "2026-06-20T23:48:50.986Z" },
    { url = "https://files.pythonhosted.org/packages/74/eb/df7b7f0b631dbbc750f39be27d8b55f65777d8ac86da80e12be41a644c4b/wrapt-2.2.2-cp314-cp314-manylinux1_x86_64.manylinux_2_28_x86_64.manylinux_2_5_x86_64.whl", hash = "sha256:0abfd648dac9ac9c5b3aa9b523d27f1789046640b58dcd5652a720ddb325e1fc", size = 167713, upload-time = "2026-06-20T23:48:52.598Z" },
    { url = "https://files.pythonhosted.org/packages/4d/9a/d1bd36f6d088c8e652a9383cabbd49af30b8c576302a7eccddbab6963e3f/wrapt-2.2.2-cp314-cp314-manylinux2014_aarch64.manylinux_2_17_aarch64.manylinux_2_28_aarch64.whl", hash = "sha256:f4bfd8d1eb438153eff8b8cfe87f032ba65731e1ce06138b5090f745a33f6f95", size = 166779, upload-time = "2026-06-20T23:48:54.33Z" },
    { url = "https://files.pythonhosted.org/packages/4c/ae/24ffacd4187fac2740a1972093929e836dea092d42c87d728cd98fee11a6/wrapt-2.2.2-cp314-cp314-manylinux_2_31_riscv64.manylinux_2_39_riscv64.whl", hash = "sha256:c427c9d06d859848a69f0d928fe28b5c33a941b2265d10a0e1f15cd244f1ee33", size = 158407, upload-time = "2026-06-20T23:48:55.944Z" },
    { url = "https://files.pythonhosted.org/packages/a3/ed/974427668249a356051e8d67d47fa54ef6c777f0fcf3bae9d292c047d4b6/wrapt-2.2.2-cp314-cp314-musllinux_1_2_aarch64.whl", hash = "sha256:4250b43d1a129d947e083c4dc6baf333c9bb34edd26f912d5b0457841fc858ab", size = 166594, upload-time = "2026-06-20T23:48:57.617Z" },
    { url = "https://files.pythonhosted.org/packages/fb/5f/e1d7c6e4523f78db2fbd7826babd0348da1d5e0834c4f918b9ab5757dfae/wrapt-2.2.2-cp314-cp314-musllinux_1_2_riscv64.whl", hash = "sha256:173e5bb5ca350a6e0abab60b7ec7cdd7992a814cb14b4de670a28f067f105663", size = 157068, upload-time = "2026-06-20T23:48:59.171Z" },
    { url = "https://files.pythonhosted.org/packages/1e/c1/7ebd1027f00700c0b0233b20aceef2b4784294ed64971424c4a78e069e34/wrapt-2.2.2-cp314-cp314-musllinux_1_2_x86_64.whl", hash = "sha256:aa14b01804bce36c6d63d7b6a4f55df390f29f8648cc13a1f40b166f4d54680d", size = 166470, upload-time = "2026-06-20T23:49:00.737Z" },
    { url = "https://files.pythonhosted.org/packages/99/eb/974e471a6a978b8180186b8a9dc5ae3361ce269a967190b709b8ce17abfb/wrapt-2.2.2-cp314-cp314-win32.whl", hash = "sha256:58f9f8d637c9a6e245c6ef5b109b67ec187d2faed23d1405656b51d96e0a5b56", size = 78062, upload-time = "2026-06-20T23:49:02.327Z" },
    { url = "https://files.pythonhosted.org/packages/49/ec/e1281156cdc7a66693838ad7a0865ad641c74abd337a957d668b575aaffb/wrapt-2.2.2-cp314-cp314-win_amd64.whl", hash = "sha256:385cb1866f20479e83299af585375bfa0a4b0c6c9907a981483ea782ea8ae406", size = 80832, upload-time = "2026-06-20T23:49:03.837Z" },
    { url = "https://files.pythonhosted.org/packages/45/7d/1b6b5ddd94005a2dac97a4490c9838f3154977850d633abcb65b30089437/wrapt-2.2.2-cp314-cp314-win_arm64.whl", hash = "sha256:8ffbeaea6771a6eba6e6eeb09767864995726bc8240bb54baf88a9bb1db34d5c", size = 80029, upload-time = "2026-06-20T23:49:05.237Z" },
    { url = "https://files.pythonhosted.org/packages/b0/33/9ebcf8aafe91c601127cbd93708c16aa8f688f34a10bf004046803ecdc4f/wrapt-2.2.2-cp314-cp314t-macosx_10_15_x86_64.whl", hash = "sha256:09f811d43f6f33ec7515f0be76b159569f4057ab54d3e079c3204dddb90afa2a", size = 83357, upload-time = "2026-06-20T23:49:06.632Z" },
    { url = "https://files.pythonhosted.org/packages/39/38/ec45b635153327b52e52732a0ea980e5f00b7efba65f9e018828f1e69daa/wrapt-2.2.2-cp314-cp314t-macosx_11_0_arm64.whl", hash = "sha256:a795d3c06e5fbf9ea2f13196180b77aeab1b4685917256ee0d014cc163d90063", size = 83794, upload-time = "2026-06-20T23:49:08.098Z" },
    { url = "https://files.pythonhosted.org/packages/4e/ea/1a89e6d3b7a83c3affe5c09cde77792c947e63e4bc85ad84cd5bb9abb0d8/wrapt-2.2.2-cp314-cp314t-manylinux1_x86_64.manylinux_2_28_x86_64.manylinux_2_5_x86_64.whl", hash = "sha256:45c2f2768e790c9f8db90f239ef23a2af8e7570f25a35619ef902df4a738447f", size = 203362, upload-time = "2026-06-20T23:49:09.811Z" },
    { url = "https://files.pythonhosted.org/packages/19/d8/3b58763d9863b5a73771c0d97110f9595d248db454009e07e1535ee905a4/wrapt-2.2.2-cp314-cp314t-manylinux2014_aarch64.manylinux_2_17_aarch64.manylinux_2_28_aarch64.whl", hash = "sha256:bbf00ee0cb55ec24e2b0995a71942b85b21a066db8f3f46e1dbfdb9433ffba81", size = 210449, upload-time = "2026-06-20T23:49:11.521Z" },
    { url = "https://files.pythonhosted.org/packages/2d/6f/17fd9e053103d8be148d20d5d7505facc72d5fe1f9127973904ceaed79cf/wrapt-2.2.2-cp314-cp314t-manylinux_2_31_riscv64.manylinux_2_39_riscv64.whl", hash = "sha256:2252f77663651b89255895f58cc6ac08fcb206d4371813e5af61bb62d4f7689c", size = 195349, upload-time = "2026-06-20T23:49:13.346Z" },
    { url = "https://files.pythonhosted.org/packages/ef/04/d0d1ccaaa12cb7dccf28a23f0279a608ba498f71e81d949d5ed54bcfd5c1/wrapt-2.2.2-cp314-cp314t-musllinux_1_2_aarch64.whl", hash = "sha256:2cd7181ab1c31192ff5219269830744b5a62020b3a6d433588c4f1c95b8f8bff", size = 206099, upload-time = "2026-06-20T23:49:15.051Z" },
    { url = "https://files.pythonhosted.org/packages/44/b3/e8aa07b619890a2aa6cde1931b1887abb08820721b564a5f80b7ca3f3aa0/wrapt-2.2.2-cp314-cp314t-musllinux_1_2_riscv64.whl", hash = "sha256:6fe35fd51b74867d8b80174c277bd6bbf6a73e443f908129dc531c4b688a20d5", size = 192728, upload-time = "2026-06-20T23:49:16.854Z" },
    { url = "https://files.pythonhosted.org/packages/b7/f0/1819fb50f0d3c9bd758d8a83b56f1b470dee8b5b8eac8702b7c137cea9d4/wrapt-2.2.2-cp314-cp314t-musllinux_1_2_x86_64.whl", hash = "sha256:11d95fc2fbad3163596c39d440e6f21ca9fccece74b56e30a37ac2fca786a07c", size = 198842, upload-time = "2026-06-20T23:49:18.504Z" },
    { url = "https://files.pythonhosted.org/packages/67/7c/e88313f16a99930b899ef970d91c281544a470749a359decad994483bbda/wrapt-2.2.2-cp314-cp314t-win32.whl", hash = "sha256:d8a15813215f33fa83667bfc978b300e35669ea8bb424e970a1426bcb7bc6cca", size = 79059, upload-time = "2026-06-20T23:49:20.107Z" },
    { url = "https://files.pythonhosted.org/packages/a0/4f/ac12fda57a55068a094ec42851fb0a40e8489d8941863d517452de62e507/wrapt-2.2.2-cp314-cp314t-win_amd64.whl", hash = "sha256:d09db0f7e8357060d3c38fc22a018aba683a796bf184360fd1a58f6fc180dc77", size = 82462, upload-time = "2026-06-20T23:49:21.631Z" },
    { url = "https://files.pythonhosted.org/packages/48/a7/df732dac86d9b2027c56bd163dbc883e037b16c3469614752e148d219c61/wrapt-2.2.2-cp314-cp314t-win_arm64.whl", hash = "sha256:f32fe639c39561ccc187bcae17e9271be0eb45f1c2952510d2f29b33ab577347", size = 81182, upload-time = "2026-06-20T23:49:23.199Z" },
    { url = "https://files.pythonhosted.org/packages/6e/d2/6317eb6d4554855bbf12d61857774af34747bf88a42c19bf306de67e2fa3/wrapt-2.2.2-py3-none-any.whl", hash = "sha256:5bad217350f19ce99ca5b5e71d406765ea86fe541628426772b657375ee1c048", size = 61460, upload-time = "2026-06-20T23:49:42.966Z" },
]

[[package]]
name = "zipp"
version = "4.1.0"
source = { registry = "https://pypi.org/simple" }
sdist = { url = "https://files.pythonhosted.org/packages/b9/d8/eab98a517c14134c0b2eb4e2387bc5f457334293ec5d2dd3857ec2966802/zipp-4.1.0.tar.gz", hash = "sha256:4cb57381f544315db7688e976e922a2b18cdb513d21cc194eb42232ba2a3e602", size = 26214, upload-time = "2026-05-18T20:08:57.967Z" }
wheels = [
    { url = "https://files.pythonhosted.org/packages/3a/13/547360d81e6d88d58492968ffda9f9542854f11310ee556fef14260cc886/zipp-4.1.0-py3-none-any.whl", hash = "sha256:25ad4e16390cd314347dd8f1de67a2ac538ae658ed4ab9db16029c07c188e97f", size = 10238, upload-time = "2026-05-18T20:08:57.045Z" },
]
